
Microsoft Visual Studio Solution File, Format Version 12.00
# Visual Studio Version 17
VisualStudioVersion = 17.4.33122.133
MinimumVisualStudioVersion = 10.0.40219.1
Project("{FAE04EC0-301F-11D3-BF4B-00C04F79EFBC}") = "Serialization", "Serialization\Serialization.csproj", "{2E7BC023-FFEB-451A-AF25-189E3D9581E2}"
EndProject
Global
	GlobalSection(SolutionConfigurationPlatforms) = preSolution
		Debug|Any CPU = Debug|Any CPU
		Release|Any CPU = Release|Any CPU
	EndGlobalSection
	GlobalSection(ProjectConfigurationPlatforms) = postSolution
		{2E7BC023-FFEB-451A-AF25-189E3D9581E2}.Debug|Any CPU.ActiveCfg = Debug|Any CPU
		{2E7BC023-FFEB-451A-AF25-189E3D9581E2}.Debug|Any CPU.Build.0 = Debug|Any CPU
		{2E7BC023-FFEB-451A-AF25-189E3D9581E2}.Release|Any CPU.ActiveCfg = Release|Any CPU
		{2E7BC023-FFEB-451A-AF25-189E3D9581E2}.Release|Any CPU.Build.0 = Release|Any CPU
	EndGlobalSection
	GlobalSection(SolutionProperties) = preSolution
		HideSolutionNode = FALSE
	EndGlobalSection
	GlobalSection(ExtensibilityGlobals) = postSolution
		SolutionGuid = {732902C3-4C15-4009-9408-DBE6E6287456}
	EndGlobalSection
EndGlobal
